
Microsoft Visual Studio Solution File, Format Version 12.00
# Visual Studio Version 17
VisualStudioVersion = 17.4.33205.214
MinimumVisualStudioVersion = 10.0.40219.1
Project("{FAE04EC0-301F-11D3-BF4B-00C04F79EFBC}") = "GUSAreas", "GUSAreas\GUSAreas.csproj", "{361C3B0A-C726-4910-ADCA-7116034B2CE6}"
EndProject
Global
	GlobalSection(SolutionConfigurationPlatforms) = preSolution
		Debug|Any CPU = Debug|Any CPU
		Release|Any CPU = Release|Any CPU
	EndGlobalSection
	GlobalSection(ProjectConfigurationPlatforms) = postSolution
		{361C3B0A-C726-4910-ADCA-7116034B2CE6}.Debug|Any CPU.ActiveCfg = Debug|Any CPU
		{361C3B0A-C726-4910-ADCA-7116034B2CE6}.Debug|Any CPU.Build.0 = Debug|Any CPU
		{361C3B0A-C726-4910-ADCA-7116034B2CE6}.Release|Any CPU.ActiveCfg = Release|Any CPU
		{361C3B0A-C726-4910-ADCA-7116034B2CE6}.Release|Any CPU.Build.0 = Release|Any CPU
	EndGlobalSection
	GlobalSection(SolutionProperties) = preSolution
		HideSolutionNode = FALSE
	EndGlobalSection
	GlobalSection(ExtensibilityGlobals) = postSolution
		SolutionGuid = {6C817A4E-7004-41FA-86DF-D5AC3E557030}
	EndGlobalSection
EndGlobal
